
Microsoft Visual Studio Solution File, Format Version 12.00
# Visual Studio 15
VisualStudioVersion = 15.0.27130.2010
MinimumVisualStudioVersion = 10.0.40219.1
Project("{8BC9CEB8-8B4A-11D0-8D11-00A0C91BC942}") = "EVECap", "EVECap\EVECap.vcxproj", "{FB11EC29-FE37-4BB2-AACB-ABC34827ED25}"
EndProject
Global
	GlobalSection(SolutionConfigurationPlatforms) = preSolution
		Debug|x64 = Debug|x64
		Debug|x86 = Debug|x86
		Release|x64 = Release|x64
		Release|x86 = Release|x86
	EndGlobalSection
	GlobalSection(ProjectConfigurationPlatforms) = postSolution
		{FB11EC29-FE37-4BB2-AACB-ABC34827ED25}.Debug|x64.ActiveCfg = Debug|x64
		{FB11EC29-FE37-4BB2-AACB-ABC34827ED25}.Debug|x64.Build.0 = Debug|x64
		{FB11EC29-FE37-4BB2-AACB-ABC34827ED25}.Debug|x86.ActiveCfg = Debug|Win32
		{FB11EC29-FE37-4BB2-AACB-ABC34827ED25}.Debug|x86.Build.0 = Debug|Win32
		{FB11EC29-FE37-4BB2-AACB-ABC34827ED25}.Release|x64.ActiveCfg = Release|x64
		{FB11EC29-FE37-4BB2-AACB-ABC34827ED25}.Release|x64.Build.0 = Release|x64
		{FB11EC29-FE37-4BB2-AACB-ABC34827ED25}.Release|x86.ActiveCfg = Release|Win32
		{FB11EC29-FE37-4BB2-AACB-ABC34827ED25}.Release|x86.Build.0 = Release|Win32
	EndGlobalSection
	GlobalSection(SolutionProperties) = preSolution
		HideSolutionNode = FALSE
	EndGlobalSection
	GlobalSection(ExtensibilityGlobals) = postSolution
		SolutionGuid = {A53DD3EB-0873-4887-A476-EB8AACE368CF}
	EndGlobalSection
EndGlobal
